dependencies:
- name: mysql
  repository: file://../mysql
  version: 9.0.1
- name: oai-nssf
  repository: file://../oai-nssf
  version: v2.1.0
- name: oai-nrf
  repository: file://../oai-nrf
  version: v2.1.0
- name: oai-nrf2
  repository: file://../oai-nrf2
  version: v2.1.0
- name: oai-udr
  repository: file://../oai-udr
  version: v2.1.0
- name: oai-udm
  repository: file://../oai-udm
  version: v2.1.0
- name: oai-ausf
  repository: file://../oai-ausf
  version: v2.1.0
- name: oai-amf
  repository: file://../oai-amf
  version: v2.1.0
- name: oai-smf
  repository: file://../oai-smf
  version: v2.1.0
- name: oai-smf2
  repository: file://../oai-smf2
  version: v2.1.0
- name: oai-smf3
  repository: file://../oai-smf3
  version: v2.1.0
- name: oai-upf
  repository: file://../oai-upf
  version: v2.1.0
- name: oai-upf2
  repository: file://../oai-upf2
  version: v2.1.0
- name: oai-upf3
  repository: file://../oai-upf3
  version: v2.1.0
- name: oai-lmf
  repository: file://../oai-lmf
  version: v2.1.0
- name: oai-traffic-server
  repository: file://../oai-traffic-server
  version: v1
digest: sha256:614382373b89448e0c0672976dbc4e3f447b0f44845003124b49b69ca79991c0
generated: "2025-03-11T16:57:13.784105762+01:00"
